
Microsoft Visual Studio Solution File, Format Version 12.00
# Visual Studio Version 16
VisualStudioVersion = 16.0.30611.23
MinimumVisualStudioVersion = 10.0.40219.1
Project("{8BC9CEB8-8B4A-11D0-8D11-00A0C91BC942}") = "Course-Registration-System", "Course-Registration-System\Course-Registration-System.vcxproj", "{E1DBC5C6-2616-4891-9CB7-3DBAAF75F04F}"
EndProject
Global
	GlobalSection(SolutionConfigurationPlatforms) = preSolution
		Debug|x64 = Debug|x64
		Debug|x86 = Debug|x86
		Release|x64 = Release|x64
		Release|x86 = Release|x86
	EndGlobalSection
	GlobalSection(ProjectConfigurationPlatforms) = postSolution
		{E1DBC5C6-2616-4891-9CB7-3DBAAF75F04F}.Debug|x64.ActiveCfg = Debug|x64
		{E1DBC5C6-2616-4891-9CB7-3DBAAF75F04F}.Debug|x64.Build.0 = Debug|x64
		{E1DBC5C6-2616-4891-9CB7-3DBAAF75F04F}.Debug|x86.ActiveCfg = Debug|Win32
		{E1DBC5C6-2616-4891-9CB7-3DBAAF75F04F}.Debug|x86.Build.0 = Debug|Win32
		{E1DBC5C6-2616-4891-9CB7-3DBAAF75F04F}.Release|x64.ActiveCfg = Release|x64
		{E1DBC5C6-2616-4891-9CB7-3DBAAF75F04F}.Release|x64.Build.0 = Release|x64
		{E1DBC5C6-2616-4891-9CB7-3DBAAF75F04F}.Release|x86.ActiveCfg = Release|Win32
		{E1DBC5C6-2616-4891-9CB7-3DBAAF75F04F}.Release|x86.Build.0 = Release|Win32
	EndGlobalSection
	GlobalSection(SolutionProperties) = preSolution
		HideSolutionNode = FALSE
	EndGlobalSection
	GlobalSection(ExtensibilityGlobals) = postSolution
		SolutionGuid = {3AD23E52-15BE-4F6F-B53B-4E432F50AF86}
	EndGlobalSection
EndGlobal
